
Microsoft Visual Studio Solution File, Format Version 12.00
# Visual Studio Version 17
VisualStudioVersion = 17.14.37203.1 d17.14
MinimumVisualStudioVersion = 10.0.40219.1
Project("{FAE04EC0-301F-11D3-BF4B-00C04F79EFBC}") = "DataTypes&Variables", "DataTypes&Variables\DataTypes&Variables.csproj", "{04C71E66-8FE4-43B4-BB82-E67D5231B34C}"
EndProject
Global
	GlobalSection(SolutionConfigurationPlatforms) = preSolution
		Debug|Any CPU = Debug|Any CPU
		Release|Any CPU = Release|Any CPU
	EndGlobalSection
	GlobalSection(ProjectConfigurationPlatforms) = postSolution
		{04C71E66-8FE4-43B4-BB82-E67D5231B34C}.Debug|Any CPU.ActiveCfg = Debug|Any CPU
		{04C71E66-8FE4-43B4-BB82-E67D5231B34C}.Debug|Any CPU.Build.0 = Debug|Any CPU
		{04C71E66-8FE4-43B4-BB82-E67D5231B34C}.Release|Any CPU.ActiveCfg = Release|Any CPU
		{04C71E66-8FE4-43B4-BB82-E67D5231B34C}.Release|Any CPU.Build.0 = Release|Any CPU
	EndGlobalSection
	GlobalSection(SolutionProperties) = preSolution
		HideSolutionNode = FALSE
	EndGlobalSection
	GlobalSection(ExtensibilityGlobals) = postSolution
		SolutionGuid = {328C4D54-3D91-4471-8FE7-7B3F44FC5B8A}
	EndGlobalSection
EndGlobal
