
Microsoft Visual Studio Solution File, Format Version 12.00
# Visual Studio Version 17
VisualStudioVersion = 17.14.37203.1 d17.14
MinimumVisualStudioVersion = 10.0.40219.1
Project("{FAE04EC0-301F-11D3-BF4B-00C04F79EFBC}") = "PassByValueVersusReference", "PassByValueVersusReference\PassByValueVersusReference.csproj", "{5E816BE8-7BAD-48A2-AE35-C0511C703703}"
EndProject
Global
	GlobalSection(SolutionConfigurationPlatforms) = preSolution
		Debug|Any CPU = Debug|Any CPU
		Release|Any CPU = Release|Any CPU
	EndGlobalSection
	GlobalSection(ProjectConfigurationPlatforms) = postSolution
		{5E816BE8-7BAD-48A2-AE35-C0511C703703}.Debug|Any CPU.ActiveCfg = Debug|Any CPU
		{5E816BE8-7BAD-48A2-AE35-C0511C703703}.Debug|Any CPU.Build.0 = Debug|Any CPU
		{5E816BE8-7BAD-48A2-AE35-C0511C703703}.Release|Any CPU.ActiveCfg = Release|Any CPU
		{5E816BE8-7BAD-48A2-AE35-C0511C703703}.Release|Any CPU.Build.0 = Release|Any CPU
	EndGlobalSection
	GlobalSection(SolutionProperties) = preSolution
		HideSolutionNode = FALSE
	EndGlobalSection
	GlobalSection(ExtensibilityGlobals) = postSolution
		SolutionGuid = {65D10AF2-1847-42BF-A843-D4A997EA6D10}
	EndGlobalSection
EndGlobal
