
Microsoft Visual Studio Solution File, Format Version 12.00
# Visual Studio Version 17
VisualStudioVersion = 17.14.37203.1 d17.14
MinimumVisualStudioVersion = 10.0.40219.1
Project("{FAE04EC0-301F-11D3-BF4B-00C04F79EFBC}") = "TryParse", "TryParse\TryParse.csproj", "{A7F9C477-E5C4-41D4-833A-911D240FEA25}"
EndProject
Global
	GlobalSection(SolutionConfigurationPlatforms) = preSolution
		Debug|Any CPU = Debug|Any CPU
		Release|Any CPU = Release|Any CPU
	EndGlobalSection
	GlobalSection(ProjectConfigurationPlatforms) = postSolution
		{A7F9C477-E5C4-41D4-833A-911D240FEA25}.Debug|Any CPU.ActiveCfg = Debug|Any CPU
		{A7F9C477-E5C4-41D4-833A-911D240FEA25}.Debug|Any CPU.Build.0 = Debug|Any CPU
		{A7F9C477-E5C4-41D4-833A-911D240FEA25}.Release|Any CPU.ActiveCfg = Release|Any CPU
		{A7F9C477-E5C4-41D4-833A-911D240FEA25}.Release|Any CPU.Build.0 = Release|Any CPU
	EndGlobalSection
	GlobalSection(SolutionProperties) = preSolution
		HideSolutionNode = FALSE
	EndGlobalSection
	GlobalSection(ExtensibilityGlobals) = postSolution
		SolutionGuid = {B8E156E3-856D-4461-9AAF-DBDD2B49DDF9}
	EndGlobalSection
EndGlobal
