
Microsoft Visual Studio Solution File, Format Version 12.00
# Visual Studio Version 17
VisualStudioVersion = 17.14.37203.1 d17.14
MinimumVisualStudioVersion = 10.0.40219.1
Project("{FAE04EC0-301F-11D3-BF4B-00C04F79EFBC}") = "Classes", "Classes\Classes.csproj", "{220CA500-E25A-4222-BF10-9DC0C51EF98A}"
EndProject
Global
	GlobalSection(SolutionConfigurationPlatforms) = preSolution
		Debug|Any CPU = Debug|Any CPU
		Release|Any CPU = Release|Any CPU
	EndGlobalSection
	GlobalSection(ProjectConfigurationPlatforms) = postSolution
		{220CA500-E25A-4222-BF10-9DC0C51EF98A}.Debug|Any CPU.ActiveCfg = Debug|Any CPU
		{220CA500-E25A-4222-BF10-9DC0C51EF98A}.Debug|Any CPU.Build.0 = Debug|Any CPU
		{220CA500-E25A-4222-BF10-9DC0C51EF98A}.Release|Any CPU.ActiveCfg = Release|Any CPU
		{220CA500-E25A-4222-BF10-9DC0C51EF98A}.Release|Any CPU.Build.0 = Release|Any CPU
	EndGlobalSection
	GlobalSection(SolutionProperties) = preSolution
		HideSolutionNode = FALSE
	EndGlobalSection
	GlobalSection(ExtensibilityGlobals) = postSolution
		SolutionGuid = {319FE338-2875-4B81-BF2A-59D9FCF0D09B}
	EndGlobalSection
EndGlobal
