
Microsoft Visual Studio Solution File, Format Version 12.00
# Visual Studio Version 17
VisualStudioVersion = 17.14.37203.1 d17.14
MinimumVisualStudioVersion = 10.0.40219.1
Project("{FAE04EC0-301F-11D3-BF4B-00C04F79EFBC}") = "TheConstructor", "TheConstructor\TheConstructor.csproj", "{78C06A97-DEC4-4F68-9B1E-F9ABCA9E9B9A}"
EndProject
Global
	GlobalSection(SolutionConfigurationPlatforms) = preSolution
		Debug|Any CPU = Debug|Any CPU
		Release|Any CPU = Release|Any CPU
	EndGlobalSection
	GlobalSection(ProjectConfigurationPlatforms) = postSolution
		{78C06A97-DEC4-4F68-9B1E-F9ABCA9E9B9A}.Debug|Any CPU.ActiveCfg = Debug|Any CPU
		{78C06A97-DEC4-4F68-9B1E-F9ABCA9E9B9A}.Debug|Any CPU.Build.0 = Debug|Any CPU
		{78C06A97-DEC4-4F68-9B1E-F9ABCA9E9B9A}.Release|Any CPU.ActiveCfg = Release|Any CPU
		{78C06A97-DEC4-4F68-9B1E-F9ABCA9E9B9A}.Release|Any CPU.Build.0 = Release|Any CPU
	EndGlobalSection
	GlobalSection(SolutionProperties) = preSolution
		HideSolutionNode = FALSE
	EndGlobalSection
	GlobalSection(ExtensibilityGlobals) = postSolution
		SolutionGuid = {B18CA21F-827C-4ED9-B4D4-175A68EEB298}
	EndGlobalSection
EndGlobal
